// !$*UTF8*$!
{
	archiveVersion = 1;
	classes = {
	};
	objectVersion = 50;
	objects = {

/* Begin PBXBuildFile section */
		1E050E172091DF5D00823041 /* CustomTableViewCell.swift in Sources */ = {isa = PBXBuildFile; fileRef = 1E050E162091DF5D00823041 /* CustomTableViewCell.swift */; };
		1E050E1A2091EEB800823041 /* SearchViewController.swift in Sources */ = {isa = PBXBuildFile; fileRef = 1E050E192091EEB800823041 /* SearchViewController.swift */; };
		1E050E1C2091FF7100823041 /* DatabaseManager.swift in Sources */ = {isa = PBXBuildFile; fileRef = 1E050E1B2091FF7100823041 /* DatabaseManager.swift */; };
		1E050E1E20930E4E00823041 /* RecommendedViewController.swift in Sources */ = {isa = PBXBuildFile; fileRef = 1E050E1D20930E4E00823041 /* RecommendedViewController.swift */; };
		1E050E21209329AF00823041 /* Actor.swift in Sources */ = {isa = PBXBuildFile; fileRef = 1E050E20209329AF00823041 /* Actor.swift */; };
		1E1748012088732200D6A6D6 /* AppDelegate.swift in Sources */ = {isa = PBXBuildFile; fileRef = 1E1748002088732200D6A6D6 /* AppDelegate.swift */; };
		1E1748032088732200D6A6D6 /* ViewController.swift in Sources */ = {isa = PBXBuildFile; fileRef = 1E1748022088732200D6A6D6 /* ViewController.swift */; };
		1E1748062088732200D6A6D6 /* Main.storyboard in Resources */ = {isa = PBXBuildFile; fileRef = 1E1748042088732200D6A6D6 /* Main.storyboard */; };
		1E1748082088732200D6A6D6 /* Assets.xcassets in Resources */ = {isa = PBXBuildFile; fileRef = 1E1748072088732200D6A6D6 /* Assets.xcassets */; };
		1E17480B2088732200D6A6D6 /* LaunchScreen.storyboard in Resources */ = {isa = PBXBuildFile; fileRef = 1E1748092088732200D6A6D6 /* LaunchScreen.storyboard */; };
		1E1748162088769D00D6A6D6 /* GetArtistResponse.swift in Sources */ = {isa = PBXBuildFile; fileRef = 1E1748152088769D00D6A6D6 /* GetArtistResponse.swift */; };
		1E39B0152091C67D00C056CC /* RequestManager.swift in Sources */ = {isa = PBXBuildFile; fileRef = 1E39B0142091C67D00C056CC /* RequestManager.swift */; };
		1E4394A52090D5CD00555804 /* Artist.swift in Sources */ = {isa = PBXBuildFile; fileRef = 1E4394A42090D5CD00555804 /* Artist.swift */; };
		1E4394A72091AD4200555804 /* Venue.swift in Sources */ = {isa = PBXBuildFile; fileRef = 1E4394A62091AD4200555804 /* Venue.swift */; };
		1E4394A92091BDD100555804 /* Requests.swift in Sources */ = {isa = PBXBuildFile; fileRef = 1E4394A82091BDD100555804 /* Requests.swift */; };
		1E87F68D208B2DB4000F9501 /* GetVenueByNameResponse.swift in Sources */ = {isa = PBXBuildFile; fileRef = 1E87F68C208B2DB4000F9501 /* GetVenueByNameResponse.swift */; };
		1E87F691208DB985000F9501 /* GetVenueWithCityNameResponse.swift in Sources */ = {isa = PBXBuildFile; fileRef = 1E87F690208DB985000F9501 /* GetVenueWithCityNameResponse.swift */; };
		1ED1FBEC2088ACA2009D5E39 /* SingletonHelper.swift in Sources */ = {isa = PBXBuildFile; fileRef = 1ED1FBEB2088ACA2009D5E39 /* SingletonHelper.swift */; };
		1ED1FBF32089D064009D5E39 /* AbstractRequest.swift in Sources */ = {isa = PBXBuildFile; fileRef = 1ED1FBF22089D064009D5E39 /* AbstractRequest.swift */; };
		1EF5428B208F1BFE0058D5FF /* Favourites.swift in Sources */ = {isa = PBXBuildFile; fileRef = 1EF5428A208F1BFE0058D5FF /* Favourites.swift */; };
		CA321B78A9B9FF51B673A7DD /* Pods_ConcertTrackerApp.framework in Frameworks */ = {isa = PBXBuildFile; fileRef = 8ED5C163E88591F6894A8571 /* Pods_ConcertTrackerApp.framework */; };
/* End PBXBuildFile section */

/* Begin PBXFileReference section */
		1E050E162091DF5D00823041 /* CustomTableViewCell.swift */ = {isa = PBXFileReference; lastKnownFileType = sourcecode.swift; path = CustomTableViewCell.swift; sourceTree = "<group>"; };
		1E050E192091EEB800823041 /* SearchViewController.swift */ = {isa = PBXFileReference; lastKnownFileType = sourcecode.swift; path = SearchViewController.swift; sourceTree = "<group>"; };
		1E050E1B2091FF7100823041 /* DatabaseManager.swift */ = {isa = PBXFileReference; lastKnownFileType = sourcecode.swift; path = DatabaseManager.swift; sourceTree = "<group>"; };
		1E050E1D20930E4E00823041 /* RecommendedViewController.swift */ = {isa = PBXFileReference; lastKnownFileType = sourcecode.swift; path = RecommendedViewController.swift; sourceTree = "<group>"; };
		1E050E20209329AF00823041 /* Actor.swift */ = {isa = PBXFileReference; lastKnownFileType = sourcecode.swift; path = Actor.swift; sourceTree = "<group>"; };
		1E1747FD2088732200D6A6D6 /* ConcertTrackerApp.app */ = {isa = PBXFileReference; explicitFileType = wrapper.application; includeInIndex = 0; path = ConcertTrackerApp.app; sourceTree = BUILT_PRODUCTS_DIR; };
		1E1748002088732200D6A6D6 /* AppDelegate.swift */ = {isa = PBXFileReference; lastKnownFileType = sourcecode.swift; path = AppDelegate.swift; sourceTree = "<group>"; };
		1E1748022088732200D6A6D6 /* ViewController.swift */ = {isa = PBXFileReference; lastKnownFileType = sourcecode.swift; path = ViewController.swift; sourceTree = "<group>"; };
		1E1748052088732200D6A6D6 /* Base */ = {isa = PBXFileReference; lastKnownFileType = file.storyboard; name = Base; path = Base.lproj/Main.storyboard; sourceTree = "<group>"; };
		1E1748072088732200D6A6D6 /* Assets.xcassets */ = {isa = PBXFileReference; lastKnownFileType = folder.assetcatalog; path = Assets.xcassets; sourceTree = "<group>"; };
		1E17480A2088732200D6A6D6 /* Base */ = {isa = PBXFileReference; lastKnownFileType = file.storyboard; name = Base; path = Base.lproj/LaunchScreen.storyboard; sourceTree = "<group>"; };
		1E17480C2088732200D6A6D6 /* Info.plist */ = {isa = PBXFileReference; lastKnownFileType = text.plist.xml; path = Info.plist; sourceTree = "<group>"; };
		1E1748152088769D00D6A6D6 /* GetArtistResponse.swift */ = {isa = PBXFileReference; lastKnownFileType = sourcecode.swift; path = GetArtistResponse.swift; sourceTree = "<group>"; };
		1E39B0142091C67D00C056CC /* RequestManager.swift */ = {isa = PBXFileReference; lastKnownFileType = sourcecode.swift; path = RequestManager.swift; sourceTree = "<group>"; };
		1E4394A42090D5CD00555804 /* Artist.swift */ = {isa = PBXFileReference; lastKnownFileType = sourcecode.swift; path = Artist.swift; sourceTree = "<group>"; };
		1E4394A62091AD4200555804 /* Venue.swift */ = {isa = PBXFileReference; lastKnownFileType = sourcecode.swift; path = Venue.swift; sourceTree = "<group>"; };
		1E4394A82091BDD100555804 /* Requests.swift */ = {isa = PBXFileReference; lastKnownFileType = sourcecode.swift; path = Requests.swift; sourceTree = "<group>"; };
		1E87F68C208B2DB4000F9501 /* GetVenueByNameResponse.swift */ = {isa = PBXFileReference; lastKnownFileType = sourcecode.swift; path = GetVenueByNameResponse.swift; sourceTree = "<group>"; };
		1E87F690208DB985000F9501 /* GetVenueWithCityNameResponse.swift */ = {isa = PBXFileReference; lastKnownFileType = sourcecode.swift; path = GetVenueWithCityNameResponse.swift; sourceTree = "<group>"; };
		1ED1FBEB2088ACA2009D5E39 /* SingletonHelper.swift */ = {isa = PBXFileReference; lastKnownFileType = sourcecode.swift; path = SingletonHelper.swift; sourceTree = "<group>"; };
		1ED1FBF22089D064009D5E39 /* AbstractRequest.swift */ = {isa = PBXFileReference; lastKnownFileType = sourcecode.swift; path = AbstractRequest.swift; sourceTree = "<group>"; };
		1EF5428A208F1BFE0058D5FF /* Favourites.swift */ = {isa = PBXFileReference; lastKnownFileType = sourcecode.swift; path = Favourites.swift; sourceTree = "<group>"; };
		8861B5AF571AD612620123AA /* Pods-ConcertTrackerApp.debug.xcconfig */ = {isa = PBXFileReference; includeInIndex = 1; lastKnownFileType = text.xcconfig; name = "Pods-ConcertTrackerApp.debug.xcconfig"; path = "Pods/Target Support Files/Pods-ConcertTrackerApp/Pods-ConcertTrackerApp.debug.xcconfig"; sourceTree = "<group>"; };
		8ED5C163E88591F6894A8571 /* Pods_ConcertTrackerApp.framework */ = {isa = PBXFileReference; explicitFileType = wrapper.framework; includeInIndex = 0; path = Pods_ConcertTrackerApp.framework; sourceTree = BUILT_PRODUCTS_DIR; };
		B664DEC37DFC6BD31EFF5A1E /* Pods-ConcertTrackerApp.release.xcconfig */ = {isa = PBXFileReference; includeInIndex = 1; lastKnownFileType = text.xcconfig; name = "Pods-ConcertTrackerApp.release.xcconfig"; path = "Pods/Target Support Files/Pods-ConcertTrackerApp/Pods-ConcertTrackerApp.release.xcconfig"; sourceTree = "<group>"; };
/* End PBXFileReference section */

/* Begin PBXFrameworksBuildPhase section */
		1E1747FA2088732200D6A6D6 /* Frameworks */ = {
			isa = PBXFrameworksBuildPhase;
			buildActionMask = 2147483647;
			files = (
				CA321B78A9B9FF51B673A7DD /* Pods_ConcertTrackerApp.framework in Frameworks */,
			);
			runOnlyForDeploymentPostprocessing = 0;
		};
/* End PBXFrameworksBuildPhase section */

/* Begin PBXGroup section */
		1E050E182091EE9300823041 /* Controllers */ = {
			isa = PBXGroup;
			children = (
				1E1748022088732200D6A6D6 /* ViewController.swift */,
				1E050E192091EEB800823041 /* SearchViewController.swift */,
				1E050E1D20930E4E00823041 /* RecommendedViewController.swift */,
			);
			path = Controllers;
			sourceTree = "<group>";
		};
		1E050E1F2093298A00823041 /* Models */ = {
			isa = PBXGroup;
			children = (
				1E050E20209329AF00823041 /* Actor.swift */,
			);
			path = Models;
			sourceTree = "<group>";
		};
		1E1747F42088732200D6A6D6 = {
			isa = PBXGroup;
			children = (
				1E1747FF2088732200D6A6D6 /* ConcertTrackerApp */,
				1E1747FE2088732200D6A6D6 /* Products */,
				8E99A1DA4E41770548CECE66 /* Pods */,
				42ECB7C9C45795E1B6E64F7A /* Frameworks */,
			);
			sourceTree = "<group>";
		};
		1E1747FE2088732200D6A6D6 /* Products */ = {
			isa = PBXGroup;
			children = (
				1E1747FD2088732200D6A6D6 /* ConcertTrackerApp.app */,
			);
			name = Products;
			sourceTree = "<group>";
		};
		1E1747FF2088732200D6A6D6 /* ConcertTrackerApp */ = {
			isa = PBXGroup;
			children = (
				1E050E1F2093298A00823041 /* Models */,
				1EF54289208F1BDE0058D5FF /* RealmModels */,
				1E1748172088964400D6A6D6 /* Custom Views */,
				1E174812208874E200D6A6D6 /* ApiResponsesAndRequests */,
				1ED1FBF12089D047009D5E39 /* AbstractManager */,
				1E050E182091EE9300823041 /* Controllers */,
				1ED1FBEB2088ACA2009D5E39 /* SingletonHelper.swift */,
				1E1748042088732200D6A6D6 /* Main.storyboard */,
				1E1748002088732200D6A6D6 /* AppDelegate.swift */,
				1E1748072088732200D6A6D6 /* Assets.xcassets */,
				1E1748092088732200D6A6D6 /* LaunchScreen.storyboard */,
				1E17480C2088732200D6A6D6 /* Info.plist */,
				1E050E1B2091FF7100823041 /* DatabaseManager.swift */,
			);
			path = ConcertTrackerApp;
			sourceTree = "<group>";
		};
		1E174812208874E200D6A6D6 /* ApiResponsesAndRequests */ = {
			isa = PBXGroup;
			children = (
				1E4394A82091BDD100555804 /* Requests.swift */,
				1E1748152088769D00D6A6D6 /* GetArtistResponse.swift */,
				1E87F68C208B2DB4000F9501 /* GetVenueByNameResponse.swift */,
				1E87F690208DB985000F9501 /* GetVenueWithCityNameResponse.swift */,
				1E4394A42090D5CD00555804 /* Artist.swift */,
				1E4394A62091AD4200555804 /* Venue.swift */,
			);
			path = ApiResponsesAndRequests;
			sourceTree = "<group>";
		};
		1E1748172088964400D6A6D6 /* Custom Views */ = {
			isa = PBXGroup;
			children = (
				1E050E162091DF5D00823041 /* CustomTableViewCell.swift */,
			);
			path = "Custom Views";
			sourceTree = "<group>";
		};
		1ED1FBF12089D047009D5E39 /* AbstractManager */ = {
			isa = PBXGroup;
			children = (
				1ED1FBF22089D064009D5E39 /* AbstractRequest.swift */,
				1E39B0142091C67D00C056CC /* RequestManager.swift */,
			);
			path = AbstractManager;
			sourceTree = "<group>";
		};
		1EF54289208F1BDE0058D5FF /* RealmModels */ = {
			isa = PBXGroup;
			children = (
				1EF5428A208F1BFE0058D5FF /* Favourites.swift */,
			);
			path = RealmModels;
			sourceTree = "<group>";
		};
		42ECB7C9C45795E1B6E64F7A /* Frameworks */ = {
			isa = PBXGroup;
			children = (
				8ED5C163E88591F6894A8571 /* Pods_ConcertTrackerApp.framework */,
			);
			name = Frameworks;
			sourceTree = "<group>";
		};
		8E99A1DA4E41770548CECE66 /* Pods */ = {
			isa = PBXGroup;
			children = (
				8861B5AF571AD612620123AA /* Pods-ConcertTrackerApp.debug.xcconfig */,
				B664DEC37DFC6BD31EFF5A1E /* Pods-ConcertTrackerApp.release.xcconfig */,
			);
			name = Pods;
			sourceTree = "<group>";
		};
/* End PBXGroup section */

/* Begin PBXNativeTarget section */
		1E1747FC2088732200D6A6D6 /* ConcertTrackerApp */ = {
			isa = PBXNativeTarget;
			buildConfigurationList = 1E17480F2088732200D6A6D6 /* Build configuration list for PBXNativeTarget "ConcertTrackerApp" */;
			buildPhases = (
				1A4DBC82902BF144AFA9A045 /* [CP] Check Pods Manifest.lock */,
				1E1747F92088732200D6A6D6 /* Sources */,
				1E1747FA2088732200D6A6D6 /* Frameworks */,
				1E1747FB2088732200D6A6D6 /* Resources */,
				A3ACD9DD98B768AF03D90549 /* [CP] Embed Pods Frameworks */,
			);
			buildRules = (
			);
			dependencies = (
			);
			name = ConcertTrackerApp;
			productName = ConcertTrackerApp;
			productReference = 1E1747FD2088732200D6A6D6 /* ConcertTrackerApp.app */;
			productType = "com.apple.product-type.application";
		};
/* End PBXNativeTarget section */

/* Begin PBXProject section */
		1E1747F52088732200D6A6D6 /* Project object */ = {
			isa = PBXProject;
			attributes = {
				LastSwiftUpdateCheck = 0930;
				LastUpgradeCheck = 0930;
				ORGANIZATIONNAME = "Roman Malasnyak";
				TargetAttributes = {
					1E1747FC2088732200D6A6D6 = {
						CreatedOnToolsVersion = 9.3;
					};
				};
			};
			buildConfigurationList = 1E1747F82088732200D6A6D6 /* Build configuration list for PBXProject "ConcertTrackerApp" */;
			compatibilityVersion = "Xcode 9.3";
			developmentRegion = en;
			hasScannedForEncodings = 0;
			knownRegions = (
				en,
				Base,
			);
			mainGroup = 1E1747F42088732200D6A6D6;
			productRefGroup = 1E1747FE2088732200D6A6D6 /* Products */;
			projectDirPath = "";
			projectRoot = "";
			targets = (
				1E1747FC2088732200D6A6D6 /* ConcertTrackerApp */,
			);
		};
/* End PBXProject section */

/* Begin PBXResourcesBuildPhase section */
		1E1747FB2088732200D6A6D6 /* Resources */ = {
			isa = PBXResourcesBuildPhase;
			buildActionMask = 2147483647;
			files = (
				1E17480B2088732200D6A6D6 /* LaunchScreen.storyboard in Resources */,
				1E1748082088732200D6A6D6 /* Assets.xcassets in Resources */,
				1E1748062088732200D6A6D6 /* Main.storyboard in Resources */,
			);
			runOnlyForDeploymentPostprocessing = 0;
		};
/* End PBXResourcesBuildPhase section */

/* Begin PBXShellScriptBuildPhase section */
		1A4DBC82902BF144AFA9A045 /* [CP] Check Pods Manifest.lock */ = {
			isa = PBXShellScriptBuildPhase;
			buildActionMask = 2147483647;
			files = (
			);
			inputPaths = (
				"${PODS_PODFILE_DIR_PATH}/Podfile.lock",
				"${PODS_ROOT}/Manifest.lock",
			);
			name = "[CP] Check Pods Manifest.lock";
			outputPaths = (
				"$(DERIVED_FILE_DIR)/Pods-ConcertTrackerApp-checkManifestLockResult.txt",
			);
			runOnlyForDeploymentPostprocessing = 0;
			shellPath = /bin/sh;
			shellScript = "diff \"${PODS_PODFILE_DIR_PATH}/Podfile.lock\" \"${PODS_ROOT}/Manifest.lock\" > /dev/null\nif [ $? != 0 ] ; then\n    # print error to STDERR\n    echo \"error: The sandbox is not in sync with the Podfile.lock. Run 'pod install' or update your CocoaPods installation.\" >&2\n    exit 1\nfi\n# This output is used by Xcode 'outputs' to avoid re-running this script phase.\necho \"SUCCESS\" > \"${SCRIPT_OUTPUT_FILE_0}\"\n";
			showEnvVarsInLog = 0;
		};
		A3ACD9DD98B768AF03D90549 /* [CP] Embed Pods Frameworks */ = {
			isa = PBXShellScriptBuildPhase;
			buildActionMask = 2147483647;
			files = (
			);
			inputPaths = (
				"${SRCROOT}/Pods/Target Support Files/Pods-ConcertTrackerApp/Pods-ConcertTrackerApp-frameworks.sh",
				"${BUILT_PRODUCTS_DIR}/Alamofire/Alamofire.framework",
				"${BUILT_PRODUCTS_DIR}/Realm/Realm.framework",
				"${BUILT_PRODUCTS_DIR}/RealmSwift/RealmSwift.framework",
			);
			name = "[CP] Embed Pods Frameworks";
			outputPaths = (
				"${TARGET_BUILD_DIR}/${FRAMEWORKS_FOLDER_PATH}/Alamofire.framework",
				"${TARGET_BUILD_DIR}/${FRAMEWORKS_FOLDER_PATH}/Realm.framework",
				"${TARGET_BUILD_DIR}/${FRAMEWORKS_FOLDER_PATH}/RealmSwift.framework",
			);
			runOnlyForDeploymentPostprocessing = 0;
			shellPath = /bin/sh;
			shellScript = "\"${SRCROOT}/Pods/Target Support Files/Pods-ConcertTrackerApp/Pods-ConcertTrackerApp-frameworks.sh\"\n";
			showEnvVarsInLog = 0;
		};
/* End PBXShellScriptBuildPhase section */

/* Begin PBXSourcesBuildPhase section */
		1E1747F92088732200D6A6D6 /* Sources */ = {
			isa = PBXSourcesBuildPhase;
			buildActionMask = 2147483647;
			files = (
				1E39B0152091C67D00C056CC /* RequestManager.swift in Sources */,
				1EF5428B208F1BFE0058D5FF /* Favourites.swift in Sources */,
				1E050E1C2091FF7100823041 /* DatabaseManager.swift in Sources */,
				1E4394A52090D5CD00555804 /* Artist.swift in Sources */,
				1E87F68D208B2DB4000F9501 /* GetVenueByNameResponse.swift in Sources */,
				1E050E21209329AF00823041 /* Actor.swift in Sources */,
				1ED1FBEC2088ACA2009D5E39 /* SingletonHelper.swift in Sources */,
				1ED1FBF32089D064009D5E39 /* AbstractRequest.swift in Sources */,
				1E4394A92091BDD100555804 /* Requests.swift in Sources */,
				1E4394A72091AD4200555804 /* Venue.swift in Sources */,
				1E050E1A2091EEB800823041 /* SearchViewController.swift in Sources */,
				1E1748032088732200D6A6D6 /* ViewController.swift in Sources */,
				1E1748162088769D00D6A6D6 /* GetArtistResponse.swift in Sources */,
				1E050E1E20930E4E00823041 /* RecommendedViewController.swift in Sources */,
				1E87F691208DB985000F9501 /* GetVenueWithCityNameResponse.swift in Sources */,
				1E1748012088732200D6A6D6 /* AppDelegate.swift in Sources */,
				1E050E172091DF5D00823041 /* CustomTableViewCell.swift in Sources */,
			);
			runOnlyForDeploymentPostprocessing = 0;
		};
/* End PBXSourcesBuildPhase section */

/* Begin PBXVariantGroup section */
		1E1748042088732200D6A6D6 /* Main.storyboard */ = {
			isa = PBXVariantGroup;
			children = (
				1E1748052088732200D6A6D6 /* Base */,
			);
			name = Main.storyboard;
			sourceTree = "<group>";
		};
		1E1748092088732200D6A6D6 /* LaunchScreen.storyboard */ = {
			isa = PBXVariantGroup;
			children = (
				1E17480A2088732200D6A6D6 /* Base */,
			);
			name = LaunchScreen.storyboard;
			sourceTree = "<group>";
		};
/* End PBXVariantGroup section */

/* Begin XCBuildConfiguration section */
		1E17480D2088732200D6A6D6 /* Debug */ = {
			isa = XCBuildConfiguration;
			buildSettings = {
				ALWAYS_SEARCH_USER_PATHS = NO;
				CLANG_ANALYZER_NONNULL = YES;
				CLANG_ANALYZER_NUMBER_OBJECT_CONVERSION = YES_AGGRESSIVE;
				CLANG_CXX_LANGUAGE_STANDARD = "gnu++14";
				CLANG_CXX_LIBRARY = "libc++";
				CLANG_ENABLE_MODULES = YES;
				CLANG_ENABLE_OBJC_ARC = YES;
				CLANG_ENABLE_OBJC_WEAK = YES;
				CLANG_WARN_BLOCK_CAPTURE_AUTORELEASING = YES;
				CLANG_WARN_BOOL_CONVERSION = YES;
				CLANG_WARN_COMMA = YES;
				CLANG_WARN_CONSTANT_CONVERSION = YES;
				CLANG_WARN_DEPRECATED_OBJC_IMPLEMENTATIONS = YES;
				CLANG_WARN_DIRECT_OBJC_ISA_USAGE = YES_ERROR;
				CLANG_WARN_DOCUMENTATION_COMMENTS = YES;
				CLANG_WARN_EMPTY_BODY = YES;
				CLANG_WARN_ENUM_CONVERSION = YES;
				CLANG_WARN_INFINITE_RECURSION = YES;
				CLANG_WARN_INT_CONVERSION = YES;
				CLANG_WARN_NON_LITERAL_NULL_CONVERSION = YES;
				CLANG_WARN_OBJC_IMPLICIT_RETAIN_SELF = YES;
				CLANG_WARN_OBJC_LITERAL_CONVERSION = YES;
				CLANG_WARN_OBJC_ROOT_CLASS = YES_ERROR;
				CLANG_WARN_RANGE_LOOP_ANALYSIS = YES;
				CLANG_WARN_STRICT_PROTOTYPES = YES;
				CLANG_WARN_SUSPICIOUS_MOVE = YES;
				CLANG_WARN_UNGUARDED_AVAILABILITY = YES_AGGRESSIVE;
				CLANG_WARN_UNREACHABLE_CODE = YES;
				CLANG_WARN__DUPLICATE_METHOD_MATCH = YES;
				CODE_SIGN_IDENTITY = "iPhone Developer";
				COPY_PHASE_STRIP = NO;
				DEBUG_INFORMATION_FORMAT = dwarf;
				ENABLE_STRICT_OBJC_MSGSEND = YES;
				ENABLE_TESTABILITY = YES;
				GCC_C_LANGUAGE_STANDARD = gnu11;
				GCC_DYNAMIC_NO_PIC = NO;
				GCC_NO_COMMON_BLOCKS = YES;
				GCC_OPTIMIZATION_LEVEL = 0;
				GCC_PREPROCESSOR_DEFINITIONS = (
					"DEBUG=1",
					"$(inherited)",
				);
				GCC_WARN_64_TO_32_BIT_CONVERSION = YES;
				GCC_WARN_ABOUT_RETURN_TYPE = YES_ERROR;
				GCC_WARN_UNDECLARED_SELECTOR = YES;
				GCC_WARN_UNINITIALIZED_AUTOS = YES_AGGRESSIVE;
				GCC_WARN_UNUSED_FUNCTION = YES;
				GCC_WARN_UNUSED_VARIABLE = YES;
				IPHONEOS_DEPLOYMENT_TARGET = 11.3;
				MTL_ENABLE_DEBUG_INFO = YES;
				ONLY_ACTIVE_ARCH = YES;
				SDKROOT = iphoneos;
				SWIFT_ACTIVE_COMPILATION_CONDITIONS = DEBUG;
				SWIFT_OPTIMIZATION_LEVEL = "-Onone";
			};
			name = Debug;
		};
		1E17480E2088732200D6A6D6 /* Release */ = {
			isa = XCBuildConfiguration;
			buildSettings = {
				ALWAYS_SEARCH_USER_PATHS = NO;
				CLANG_ANALYZER_NONNULL = YES;
				CLANG_ANALYZER_NUMBER_OBJECT_CONVERSION = YES_AGGRESSIVE;
				CLANG_CXX_LANGUAGE_STANDARD = "gnu++14";
				CLANG_CXX_LIBRARY = "libc++";
				CLANG_ENABLE_MODULES = YES;
				CLANG_ENABLE_OBJC_ARC = YES;
				CLANG_ENABLE_OBJC_WEAK = YES;
				CLANG_WARN_BLOCK_CAPTURE_AUTORELEASING = YES;
				CLANG_WARN_BOOL_CONVERSION = YES;
				CLANG_WARN_COMMA = YES;
				CLANG_WARN_CONSTANT_CONVERSION = YES;
				CLANG_WARN_DEPRECATED_OBJC_IMPLEMENTATIONS = YES;
				CLANG_WARN_DIRECT_OBJC_ISA_USAGE = YES_ERROR;
				CLANG_WARN_DOCUMENTATION_COMMENTS = YES;
				CLANG_WARN_EMPTY_BODY = YES;
				CLANG_WARN_ENUM_CONVERSION = YES;
				CLANG_WARN_INFINITE_RECURSION = YES;
				CLANG_WARN_INT_CONVERSION = YES;
				CLANG_WARN_NON_LITERAL_NULL_CONVERSION = YES;
				CLANG_WARN_OBJC_IMPLICIT_RETAIN_SELF = YES;
				CLANG_WARN_OBJC_LITERAL_CONVERSION = YES;
				CLANG_WARN_OBJC_ROOT_CLASS = YES_ERROR;
				CLANG_WARN_RANGE_LOOP_ANALYSIS = YES;
				CLANG_WARN_STRICT_PROTOTYPES = YES;
				CLANG_WARN_SUSPICIOUS_MOVE = YES;
				CLANG_WARN_UNGUARDED_AVAILABILITY = YES_AGGRESSIVE;
				CLANG_WARN_UNREACHABLE_CODE = YES;
				CLANG_WARN__DUPLICATE_METHOD_MATCH = YES;
				CODE_SIGN_IDENTITY = "iPhone Developer";
				COPY_PHASE_STRIP = NO;
				DEBUG_INFORMATION_FORMAT = "dwarf-with-dsym";
				ENABLE_NS_ASSERTIONS = NO;
				ENABLE_STRICT_OBJC_MSGSEND = YES;
				GCC_C_LANGUAGE_STANDARD = gnu11;
				GCC_NO_COMMON_BLOCKS = YES;
				GCC_WARN_64_TO_32_BIT_CONVERSION = YES;
				GCC_WARN_ABOUT_RETURN_TYPE = YES_ERROR;
				GCC_WARN_UNDECLARED_SELECTOR = YES;
				GCC_WARN_UNINITIALIZED_AUTOS = YES_AGGRESSIVE;
				GCC_WARN_UNUSED_FUNCTION = YES;
				GCC_WARN_UNUSED_VARIABLE = YES;
				IPHONEOS_DEPLOYMENT_TARGET = 11.3;
				MTL_ENABLE_DEBUG_INFO = NO;
				SDKROOT = iphoneos;
				SWIFT_COMPILATION_MODE = wholemodule;
				SWIFT_OPTIMIZATION_LEVEL = "-O";
				VALIDATE_PRODUCT = YES;
			};
			name = Release;
		};
		1E1748102088732200D6A6D6 /* Debug */ = {
			isa = XCBuildConfiguration;
			baseConfigurationReference = 8861B5AF571AD612620123AA /* Pods-ConcertTrackerApp.debug.xcconfig */;
			buildSettings = {
				ASSETCATALOG_COMPILER_APPICON_NAME = AppIcon;
				CODE_SIGN_STYLE = Automatic;
				DEVELOPMENT_TEAM = FHHDVG3C3L;
				INFOPLIST_FILE = ConcertTrackerApp/Info.plist;
				LD_RUNPATH_SEARCH_PATHS = (
					"$(inherited)",
					"@executable_path/Frameworks",
				);
				PRODUCT_BUNDLE_IDENTIFIER = rmalas.ConcertTrackerApp;
				PRODUCT_NAME = "$(TARGET_NAME)";
				SWIFT_VERSION = 4.0;
				TARGETED_DEVICE_FAMILY = "1,2";
			};
			name = Debug;
		};
		1E1748112088732200D6A6D6 /* Release */ = {
			isa = XCBuildConfiguration;
			baseConfigurationReference = B664DEC37DFC6BD31EFF5A1E /* Pods-ConcertTrackerApp.release.xcconfig */;
			buildSettings = {
				ASSETCATALOG_COMPILER_APPICON_NAME = AppIcon;
				CODE_SIGN_STYLE = Automatic;
				DEVELOPMENT_TEAM = FHHDVG3C3L;
				INFOPLIST_FILE = ConcertTrackerApp/Info.plist;
				LD_RUNPATH_SEARCH_PATHS = (
					"$(inherited)",
					"@executable_path/Frameworks",
				);
				PRODUCT_BUNDLE_IDENTIFIER = rmalas.ConcertTrackerApp;
				PRODUCT_NAME = "$(TARGET_NAME)";
				SWIFT_VERSION = 4.0;
				TARGETED_DEVICE_FAMILY = "1,2";
			};
			name = Release;
		};
/* End XCBuildConfiguration section */

/* Begin XCConfigurationList section */
		1E1747F82088732200D6A6D6 /* Build configuration list for PBXProject "ConcertTrackerApp" */ = {
			isa = XCConfigurationList;
			buildConfigurations = (
				1E17480D2088732200D6A6D6 /* Debug */,
				1E17480E2088732200D6A6D6 /* Release */,
			);
			defaultConfigurationIsVisible = 0;
			defaultConfigurationName = Release;
		};
		1E17480F2088732200D6A6D6 /* Build configuration list for PBXNativeTarget "ConcertTrackerApp" */ = {
			isa = XCConfigurationList;
			buildConfigurations = (
				1E1748102088732200D6A6D6 /* Debug */,
				1E1748112088732200D6A6D6 /* Release */,
			);
			defaultConfigurationIsVisible = 0;
			defaultConfigurationName = Release;
		};
/* End XCConfigurationList section */
	};
	rootObject = 1E1747F52088732200D6A6D6 /* Project object */;
}
